
Microsoft Visual Studio Solution File, Format Version 12.00
# Visual Studio Version 17
VisualStudioVersion = 17.8.34322.80
MinimumVisualStudioVersion = 10.0.40219.1
Project("{9A19103F-16F7-4668-BE54-9A1E7A4F7556}") = "TaskRunway", "TaskRunway.csproj", "{CFCF3540-B282-49A2-83D0-EC53F1D669CD}"
EndProject
Project("{54435603-DBB4-11D2-8724-00A0C9A8B90C}") = "TaskRunwaySetup", "..\TaskRunwaySetup\TaskRunwaySetup.vdproj", "{FF5FA411-25C5-4332-A795-3312538E2417}"
EndProject
Project("{FAE04EC0-301F-11D3-BF4B-00C04F79EFBC}") = "UpdaterLibrary", "..\UpdaterLibrary\UpdaterLibrary.csproj", "{99131D6F-B3BD-4762-A50C-EA32176FC596}"
EndProject
Global
	GlobalSection(SolutionConfigurationPlatforms) = preSolution
		Debug|Any CPU = Debug|Any CPU
		Release|Any CPU = Release|Any CPU
	EndGlobalSection
	GlobalSection(ProjectConfigurationPlatforms) = postSolution
		{CFCF3540-B282-49A2-83D0-EC53F1D669CD}.Debug|Any CPU.ActiveCfg = Debug|Any CPU
		{CFCF3540-B282-49A2-83D0-EC53F1D669CD}.Debug|Any CPU.Build.0 = Debug|Any CPU
		{CFCF3540-B282-49A2-83D0-EC53F1D669CD}.Release|Any CPU.ActiveCfg = Release|Any CPU
		{CFCF3540-B282-49A2-83D0-EC53F1D669CD}.Release|Any CPU.Build.0 = Release|Any CPU
		{FF5FA411-25C5-4332-A795-3312538E2417}.Debug|Any CPU.ActiveCfg = Debug
		{FF5FA411-25C5-4332-A795-3312538E2417}.Release|Any CPU.ActiveCfg = Release
		{99131D6F-B3BD-4762-A50C-EA32176FC596}.Debug|Any CPU.ActiveCfg = Debug|Any CPU
		{99131D6F-B3BD-4762-A50C-EA32176FC596}.Debug|Any CPU.Build.0 = Debug|Any CPU
		{99131D6F-B3BD-4762-A50C-EA32176FC596}.Release|Any CPU.ActiveCfg = Release|Any CPU
		{99131D6F-B3BD-4762-A50C-EA32176FC596}.Release|Any CPU.Build.0 = Release|Any CPU
	EndGlobalSection
	GlobalSection(SolutionProperties) = preSolution
		HideSolutionNode = FALSE
	EndGlobalSection
	GlobalSection(ExtensibilityGlobals) = postSolution
		SolutionGuid = {9F7C4698-E52D-49F9-8B22-1E7CA2A057EF}
	EndGlobalSection
EndGlobal
